
Microsoft Visual Studio Solution File, Format Version 12.00
# Visual Studio Version 16
VisualStudioVersion = 16.0.30204.135
MinimumVisualStudioVersion = 10.0.40219.1
Project("{FAE04EC0-301F-11D3-BF4B-00C04F79EFBC}") = "Lab5.3CarLot", "Lab5.3CarLot.csproj", "{2D2CEC44-D0BC-4680-AB02-5989E358A34F}"
EndProject
Global
	GlobalSection(SolutionConfigurationPlatforms) = preSolution
		Debug|Any CPU = Debug|Any CPU
		Release|Any CPU = Release|Any CPU
	EndGlobalSection
	GlobalSection(ProjectConfigurationPlatforms) = postSolution
		{2D2CEC44-D0BC-4680-AB02-5989E358A34F}.Debug|Any CPU.ActiveCfg = Debug|Any CPU
		{2D2CEC44-D0BC-4680-AB02-5989E358A34F}.Debug|Any CPU.Build.0 = Debug|Any CPU
		{2D2CEC44-D0BC-4680-AB02-5989E358A34F}.Release|Any CPU.ActiveCfg = Release|Any CPU
		{2D2CEC44-D0BC-4680-AB02-5989E358A34F}.Release|Any CPU.Build.0 = Release|Any CPU
	EndGlobalSection
	GlobalSection(SolutionProperties) = preSolution
		HideSolutionNode = FALSE
	EndGlobalSection
	GlobalSection(ExtensibilityGlobals) = postSolution
		SolutionGuid = {6F0528E4-9FB2-48AF-A7BE-1C40DC812359}
	EndGlobalSection
EndGlobal
